
Microsoft Visual Studio Solution File, Format Version 12.00
# Visual Studio Version 16
VisualStudioVersion = 25.0.1700.0
MinimumVisualStudioVersion = 10.0.40219.1
Project("{FAE04EC0-301F-11D3-BF4B-00C04F79EFBC}") = "VaccinationAppUI", "VaccinationAppUI\VaccinationAppUI.csproj", "{68B734F5-A7B1-4A9B-BF4D-AE9B78164C90}"
EndProject
Project("{FAE04EC0-301F-11D3-BF4B-00C04F79EFBC}") = "VaccinationAppLibrary", "VaccinationAppLibrary\VaccinationAppLibrary.csproj", "{280C0FA8-B6CD-4A62-8DB7-AAC61DCBD233}"
EndProject
Global
	GlobalSection(SolutionConfigurationPlatforms) = preSolution
		Debug|Any CPU = Debug|Any CPU
		Release|Any CPU = Release|Any CPU
	EndGlobalSection
	GlobalSection(ProjectConfigurationPlatforms) = postSolution
		{68B734F5-A7B1-4A9B-BF4D-AE9B78164C90}.Debug|Any CPU.ActiveCfg = Debug|Any CPU
		{68B734F5-A7B1-4A9B-BF4D-AE9B78164C90}.Debug|Any CPU.Build.0 = Debug|Any CPU
		{68B734F5-A7B1-4A9B-BF4D-AE9B78164C90}.Release|Any CPU.ActiveCfg = Release|Any CPU
		{68B734F5-A7B1-4A9B-BF4D-AE9B78164C90}.Release|Any CPU.Build.0 = Release|Any CPU
		{280C0FA8-B6CD-4A62-8DB7-AAC61DCBD233}.Debug|Any CPU.ActiveCfg = Debug|Any CPU
		{280C0FA8-B6CD-4A62-8DB7-AAC61DCBD233}.Debug|Any CPU.Build.0 = Debug|Any CPU
		{280C0FA8-B6CD-4A62-8DB7-AAC61DCBD233}.Release|Any CPU.ActiveCfg = Release|Any CPU
		{280C0FA8-B6CD-4A62-8DB7-AAC61DCBD233}.Release|Any CPU.Build.0 = Release|Any CPU
	EndGlobalSection
	GlobalSection(SolutionProperties) = preSolution
		HideSolutionNode = FALSE
	EndGlobalSection
	GlobalSection(ExtensibilityGlobals) = postSolution
		SolutionGuid = {A4FEF796-5005-41A9-9502-BE502182926E}
	EndGlobalSection
EndGlobal
